
Microsoft Visual Studio Solution File, Format Version 12.00
# Visual Studio Version 17
VisualStudioVersion = 17.4.33103.184
MinimumVisualStudioVersion = 10.0.40219.1
Project("{FAE04EC0-301F-11D3-BF4B-00C04F79EFBC}") = "SplashScreeen", "SplashScreeen\SplashScreeen.csproj", "{0A269F2B-3709-457F-B47D-C7234970AAEA}"
EndProject
Global
	GlobalSection(SolutionConfigurationPlatforms) = preSolution
		Debug|Any CPU = Debug|Any CPU
		Release|Any CPU = Release|Any CPU
	EndGlobalSection
	GlobalSection(ProjectConfigurationPlatforms) = postSolution
		{0A269F2B-3709-457F-B47D-C7234970AAEA}.Debug|Any CPU.ActiveCfg = Debug|Any CPU
		{0A269F2B-3709-457F-B47D-C7234970AAEA}.Debug|Any CPU.Build.0 = Debug|Any CPU
		{0A269F2B-3709-457F-B47D-C7234970AAEA}.Release|Any CPU.ActiveCfg = Release|Any CPU
		{0A269F2B-3709-457F-B47D-C7234970AAEA}.Release|Any CPU.Build.0 = Release|Any CPU
	EndGlobalSection
	GlobalSection(SolutionProperties) = preSolution
		HideSolutionNode = FALSE
	EndGlobalSection
	GlobalSection(ExtensibilityGlobals) = postSolution
		SolutionGuid = {CB8C10F8-6A10-49DD-A9BB-43BBF23D0963}
	EndGlobalSection
EndGlobal
